
Microsoft Visual Studio Solution File, Format Version 11.00
# Visual Studio 2010
Project("{FAE04EC0-301F-11D3-BF4B-00C04F79EFBC}") = "Typegeist.Server.Dispatcher", "Typegeist.Server.Dispatcher\Typegeist.Server.Dispatcher.csproj", "{5A088BA8-B7C2-4C45-809A-EB37EFEDB6FA}"
EndProject
Project("{FAE04EC0-301F-11D3-BF4B-00C04F79EFBC}") = "Typegeist.Server.Data", "Typegeist.Server.Data\Typegeist.Server.Data.csproj", "{E4AA13BD-C214-4120-92B5-0582CED23C53}"
EndProject
Global
	GlobalSection(SolutionConfigurationPlatforms) = preSolution
		Debug|Any CPU = Debug|Any CPU
		Release|Any CPU = Release|Any CPU
	EndGlobalSection
	GlobalSection(ProjectConfigurationPlatforms) = postSolution
		{5A088BA8-B7C2-4C45-809A-EB37EFEDB6FA}.Debug|Any CPU.ActiveCfg = Debug|Any CPU
		{5A088BA8-B7C2-4C45-809A-EB37EFEDB6FA}.Debug|Any CPU.Build.0 = Debug|Any CPU
		{5A088BA8-B7C2-4C45-809A-EB37EFEDB6FA}.Release|Any CPU.ActiveCfg = Release|Any CPU
		{5A088BA8-B7C2-4C45-809A-EB37EFEDB6FA}.Release|Any CPU.Build.0 = Release|Any CPU
		{E4AA13BD-C214-4120-92B5-0582CED23C53}.Debug|Any CPU.ActiveCfg = Debug|Any CPU
		{E4AA13BD-C214-4120-92B5-0582CED23C53}.Debug|Any CPU.Build.0 = Debug|Any CPU
		{E4AA13BD-C214-4120-92B5-0582CED23C53}.Release|Any CPU.ActiveCfg = Release|Any CPU
		{E4AA13BD-C214-4120-92B5-0582CED23C53}.Release|Any CPU.Build.0 = Release|Any CPU
	EndGlobalSection
	GlobalSection(SolutionProperties) = preSolution
		HideSolutionNode = FALSE
	EndGlobalSection
EndGlobal
